// !$*UTF8*$!
{
	archiveVersion = 1;
	classes = {
	};
	objectVersion = 50;
	objects = {

/* Begin PBXBuildFile section */
		028621C81F4979EB0935C270 /* Pods_RockClimbing.framework in Frameworks */ = {isa = PBXBuildFile; fileRef = DA6668FCBA7DEB4A3ADB08F8 /* Pods_RockClimbing.framework */; };
		14823F0B235E0F6500206995 /* AppDelegate.swift in Sources */ = {isa = PBXBuildFile; fileRef = 14823F0A235E0F6500206995 /* AppDelegate.swift */; };
		14823F0D235E0F6500206995 /* SceneDelegate.swift in Sources */ = {isa = PBXBuildFile; fileRef = 14823F0C235E0F6500206995 /* SceneDelegate.swift */; };
		14823F0F235E0F6500206995 /* ViewController.swift in Sources */ = {isa = PBXBuildFile; fileRef = 14823F0E235E0F6500206995 /* ViewController.swift */; };
		14823F12235E0F6500206995 /* Main.storyboard in Resources */ = {isa = PBXBuildFile; fileRef = 14823F10235E0F6500206995 /* Main.storyboard */; };
		14823F15235E0F6500206995 /* RockClimbing.xcdatamodeld in Sources */ = {isa = PBXBuildFile; fileRef = 14823F13235E0F6500206995 /* RockClimbing.xcdatamodeld */; };
		14823F17235E0F6700206995 /* Assets.xcassets in Resources */ = {isa = PBXBuildFile; fileRef = 14823F16235E0F6700206995 /* Assets.xcassets */; };
		14823F1A235E0F6700206995 /* LaunchScreen.storyboard in Resources */ = {isa = PBXBuildFile; fileRef = 14823F18235E0F6700206995 /* LaunchScreen.storyboard */; };
		14823F22235E14A500206995 /* DatabaseController.swift in Sources */ = {isa = PBXBuildFile; fileRef = 14823F21235E14A500206995 /* DatabaseController.swift */; };
/* End PBXBuildFile section */

/* Begin PBXFileReference section */
		14823F07235E0F6500206995 /* RockClimbing.app */ = {isa = PBXFileReference; explicitFileType = wrapper.application; includeInIndex = 0; path = RockClimbing.app; sourceTree = BUILT_PRODUCTS_DIR; };
		14823F0A235E0F6500206995 /* AppDelegate.swift */ = {isa = PBXFileReference; lastKnownFileType = sourcecode.swift; path = AppDelegate.swift; sourceTree = "<group>"; };
		14823F0C235E0F6500206995 /* SceneDelegate.swift */ = {isa = PBXFileReference; lastKnownFileType = sourcecode.swift; path = SceneDelegate.swift; sourceTree = "<group>"; };
		14823F0E235E0F6500206995 /* ViewController.swift */ = {isa = PBXFileReference; lastKnownFileType = sourcecode.swift; path = ViewController.swift; sourceTree = "<group>"; };
		14823F11235E0F6500206995 /* Base */ = {isa = PBXFileReference; lastKnownFileType = file.storyboard; name = Base; path = Base.lproj/Main.storyboard; sourceTree = "<group>"; };
		14823F14235E0F6500206995 /* RockClimbing.xcdatamodel */ = {isa = PBXFileReference; lastKnownFileType = wrapper.xcdatamodel; path = RockClimbing.xcdatamodel; sourceTree = "<group>"; };
		14823F16235E0F6700206995 /* Assets.xcassets */ = {isa = PBXFileReference; lastKnownFileType = folder.assetcatalog; path = Assets.xcassets; sourceTree = "<group>"; };
		14823F19235E0F6700206995 /* Base */ = {isa = PBXFileReference; lastKnownFileType = file.storyboard; name = Base; path = Base.lproj/LaunchScreen.storyboard; sourceTree = "<group>"; };
		14823F1B235E0F6700206995 /* Info.plist */ = {isa = PBXFileReference; lastKnownFileType = text.plist.xml; path = Info.plist; sourceTree = "<group>"; };
		14823F21235E14A500206995 /* DatabaseController.swift */ = {isa = PBXFileReference; lastKnownFileType = sourcecode.swift; path = DatabaseController.swift; sourceTree = "<group>"; };
		59587A75F20E18DCE2F4EE6F /* Pods-RockClimbing.release.xcconfig */ = {isa = PBXFileReference; includeInIndex = 1; lastKnownFileType = text.xcconfig; name = "Pods-RockClimbing.release.xcconfig"; path = "Target Support Files/Pods-RockClimbing/Pods-RockClimbing.release.xcconfig"; sourceTree = "<group>"; };
		713C3021541F210B864E3BEF /* Pods-RockClimbing.debug.xcconfig */ = {isa = PBXFileReference; includeInIndex = 1; lastKnownFileType = text.xcconfig; name = "Pods-RockClimbing.debug.xcconfig"; path = "Target Support Files/Pods-RockClimbing/Pods-RockClimbing.debug.xcconfig"; sourceTree = "<group>"; };
		DA6668FCBA7DEB4A3ADB08F8 /* Pods_RockClimbing.framework */ = {isa = PBXFileReference; explicitFileType = wrapper.framework; includeInIndex = 0; path = Pods_RockClimbing.framework; sourceTree = BUILT_PRODUCTS_DIR; };
/* End PBXFileReference section */

/* Begin PBXFrameworksBuildPhase section */
		14823F04235E0F6500206995 /* Frameworks */ = {
			isa = PBXFrameworksBuildPhase;
			buildActionMask = 2147483647;
			files = (
				028621C81F4979EB0935C270 /* Pods_RockClimbing.framework in Frameworks */,
			);
			runOnlyForDeploymentPostprocessing = 0;
		};
/* End PBXFrameworksBuildPhase section */

/* Begin PBXGroup section */
		14823EFE235E0F6500206995 = {
			isa = PBXGroup;
			children = (
				14823F09235E0F6500206995 /* RockClimbing */,
				14823F08235E0F6500206995 /* Products */,
				2687EEE7EF24F80DC174CF48 /* Pods */,
				7A1597EB2B3FED4F18CA3D81 /* Frameworks */,
			);
			sourceTree = "<group>";
		};
		14823F08235E0F6500206995 /* Products */ = {
			isa = PBXGroup;
			children = (
				14823F07235E0F6500206995 /* RockClimbing.app */,
			);
			name = Products;
			sourceTree = "<group>";
		};
		14823F09235E0F6500206995 /* RockClimbing */ = {
			isa = PBXGroup;
			children = (
				14823F0A235E0F6500206995 /* AppDelegate.swift */,
				14823F0C235E0F6500206995 /* SceneDelegate.swift */,
				14823F0E235E0F6500206995 /* ViewController.swift */,
				14823F10235E0F6500206995 /* Main.storyboard */,
				14823F16235E0F6700206995 /* Assets.xcassets */,
				14823F18235E0F6700206995 /* LaunchScreen.storyboard */,
				14823F1B235E0F6700206995 /* Info.plist */,
				14823F13235E0F6500206995 /* RockClimbing.xcdatamodeld */,
				14823F21235E14A500206995 /* DatabaseController.swift */,
			);
			path = RockClimbing;
			sourceTree = "<group>";
		};
		2687EEE7EF24F80DC174CF48 /* Pods */ = {
			isa = PBXGroup;
			children = (
				713C3021541F210B864E3BEF /* Pods-RockClimbing.debug.xcconfig */,
				59587A75F20E18DCE2F4EE6F /* Pods-RockClimbing.release.xcconfig */,
			);
			path = Pods;
			sourceTree = "<group>";
		};
		7A1597EB2B3FED4F18CA3D81 /* Frameworks */ = {
			isa = PBXGroup;
			children = (
				DA6668FCBA7DEB4A3ADB08F8 /* Pods_RockClimbing.framework */,
			);
			name = Frameworks;
			sourceTree = "<group>";
		};
/* End PBXGroup section */

/* Begin PBXNativeTarget section */
		14823F06235E0F6500206995 /* RockClimbing */ = {
			isa = PBXNativeTarget;
			buildConfigurationList = 14823F1E235E0F6700206995 /* Build configuration list for PBXNativeTarget "RockClimbing" */;
			buildPhases = (
				D4AA8371727C966C25172E68 /* [CP] Check Pods Manifest.lock */,
				14823F03235E0F6500206995 /* Sources */,
				14823F04235E0F6500206995 /* Frameworks */,
				14823F05235E0F6500206995 /* Resources */,
			);
			buildRules = (
			);
			dependencies = (
			);
			name = RockClimbing;
			productName = RockClimbing;
			productReference = 14823F07235E0F6500206995 /* RockClimbing.app */;
			productType = "com.apple.product-type.application";
		};
/* End PBXNativeTarget section */

/* Begin PBXProject section */
		14823EFF235E0F6500206995 /* Project object */ = {
			isa = PBXProject;
			attributes = {
				LastSwiftUpdateCheck = 1110;
				LastUpgradeCheck = 1110;
				ORGANIZATIONNAME = "Electronic Armory";
				TargetAttributes = {
					14823F06235E0F6500206995 = {
						CreatedOnToolsVersion = 11.1;
					};
				};
			};
			buildConfigurationList = 14823F02235E0F6500206995 /* Build configuration list for PBXProject "RockClimbing" */;
			compatibilityVersion = "Xcode 9.3";
			developmentRegion = en;
			hasScannedForEncodings = 0;
			knownRegions = (
				en,
				Base,
			);
			mainGroup = 14823EFE235E0F6500206995;
			productRefGroup = 14823F08235E0F6500206995 /* Products */;
			projectDirPath = "";
			projectRoot = "";
			targets = (
				14823F06235E0F6500206995 /* RockClimbing */,
			);
		};
/* End PBXProject section */

/* Begin PBXResourcesBuildPhase section */
		14823F05235E0F6500206995 /* Resources */ = {
			isa = PBXResourcesBuildPhase;
			buildActionMask = 2147483647;
			files = (
				14823F1A235E0F6700206995 /* LaunchScreen.storyboard in Resources */,
				14823F17235E0F6700206995 /* Assets.xcassets in Resources */,
				14823F12235E0F6500206995 /* Main.storyboard in Resources */,
			);
			runOnlyForDeploymentPostprocessing = 0;
		};
/* End PBXResourcesBuildPhase section */

/* Begin PBXShellScriptBuildPhase section */
		D4AA8371727C966C25172E68 /* [CP] Check Pods Manifest.lock */ = {
			isa = PBXShellScriptBuildPhase;
			buildActionMask = 2147483647;
			files = (
			);
			inputFileListPaths = (
			);
			inputPaths = (
				"${PODS_PODFILE_DIR_PATH}/Podfile.lock",
				"${PODS_ROOT}/Manifest.lock",
			);
			name = "[CP] Check Pods Manifest.lock";
			outputFileListPaths = (
			);
			outputPaths = (
				"$(DERIVED_FILE_DIR)/Pods-RockClimbing-checkManifestLockResult.txt",
			);
			runOnlyForDeploymentPostprocessing = 0;
			shellPath = /bin/sh;
			shellScript = "diff \"${PODS_PODFILE_DIR_PATH}/Podfile.lock\" \"${PODS_ROOT}/Manifest.lock\" > /dev/null\nif [ $? != 0 ] ; then\n    # print error to STDERR\n    echo \"error: The sandbox is not in sync with the Podfile.lock. Run 'pod install' or update your CocoaPods installation.\" >&2\n    exit 1\nfi\n# This output is used by Xcode 'outputs' to avoid re-running this script phase.\necho \"SUCCESS\" > \"${SCRIPT_OUTPUT_FILE_0}\"\n";
			showEnvVarsInLog = 0;
		};
/* End PBXShellScriptBuildPhase section */

/* Begin PBXSourcesBuildPhase section */
		14823F03235E0F6500206995 /* Sources */ = {
			isa = PBXSourcesBuildPhase;
			buildActionMask = 2147483647;
			files = (
				14823F22235E14A500206995 /* DatabaseController.swift in Sources */,
				14823F0F235E0F6500206995 /* ViewController.swift in Sources */,
				14823F15235E0F6500206995 /* RockClimbing.xcdatamodeld in Sources */,
				14823F0B235E0F6500206995 /* AppDelegate.swift in Sources */,
				14823F0D235E0F6500206995 /* SceneDelegate.swift in Sources */,
			);
			runOnlyForDeploymentPostprocessing = 0;
		};
/* End PBXSourcesBuildPhase section */

/* Begin PBXVariantGroup section */
		14823F10235E0F6500206995 /* Main.storyboard */ = {
			isa = PBXVariantGroup;
			children = (
				14823F11235E0F6500206995 /* Base */,
			);
			name = Main.storyboard;
			sourceTree = "<group>";
		};
		14823F18235E0F6700206995 /* LaunchScreen.storyboard */ = {
			isa = PBXVariantGroup;
			children = (
				14823F19235E0F6700206995 /* Base */,
			);
			name = LaunchScreen.storyboard;
			sourceTree = "<group>";
		};
/* End PBXVariantGroup section */

/* Begin XCBuildConfiguration section */
		14823F1C235E0F6700206995 /* Debug */ = {
			isa = XCBuildConfiguration;
			buildSettings = {
				ALWAYS_SEARCH_USER_PATHS = NO;
				CLANG_ANALYZER_NONNULL = YES;
				CLANG_ANALYZER_NUMBER_OBJECT_CONVERSION = YES_AGGRESSIVE;
				CLANG_CXX_LANGUAGE_STANDARD = "gnu++14";
				CLANG_CXX_LIBRARY = "libc++";
				CLANG_ENABLE_MODULES = YES;
				CLANG_ENABLE_OBJC_ARC = YES;
				CLANG_ENABLE_OBJC_WEAK = YES;
				CLANG_WARN_BLOCK_CAPTURE_AUTORELEASING = YES;
				CLANG_WARN_BOOL_CONVERSION = YES;
				CLANG_WARN_COMMA = YES;
				CLANG_WARN_CONSTANT_CONVERSION = YES;
				CLANG_WARN_DEPRECATED_OBJC_IMPLEMENTATIONS = YES;
				CLANG_WARN_DIRECT_OBJC_ISA_USAGE = YES_ERROR;
				CLANG_WARN_DOCUMENTATION_COMMENTS = YES;
				CLANG_WARN_EMPTY_BODY = YES;
				CLANG_WARN_ENUM_CONVERSION = YES;
				CLANG_WARN_INFINITE_RECURSION = YES;
				CLANG_WARN_INT_CONVERSION = YES;
				CLANG_WARN_NON_LITERAL_NULL_CONVERSION = YES;
				CLANG_WARN_OBJC_IMPLICIT_RETAIN_SELF = YES;
				CLANG_WARN_OBJC_LITERAL_CONVERSION = YES;
				CLANG_WARN_OBJC_ROOT_CLASS = YES_ERROR;
				CLANG_WARN_RANGE_LOOP_ANALYSIS = YES;
				CLANG_WARN_STRICT_PROTOTYPES = YES;
				CLANG_WARN_SUSPICIOUS_MOVE = YES;
				CLANG_WARN_UNGUARDED_AVAILABILITY = YES_AGGRESSIVE;
				CLANG_WARN_UNREACHABLE_CODE = YES;
				CLANG_WARN__DUPLICATE_METHOD_MATCH = YES;
				COPY_PHASE_STRIP = NO;
				DEBUG_INFORMATION_FORMAT = dwarf;
				ENABLE_STRICT_OBJC_MSGSEND = YES;
				ENABLE_TESTABILITY = YES;
				GCC_C_LANGUAGE_STANDARD = gnu11;
				GCC_DYNAMIC_NO_PIC = NO;
				GCC_NO_COMMON_BLOCKS = YES;
				GCC_OPTIMIZATION_LEVEL = 0;
				GCC_PREPROCESSOR_DEFINITIONS = (
					"DEBUG=1",
					"$(inherited)",
				);
				GCC_WARN_64_TO_32_BIT_CONVERSION = YES;
				GCC_WARN_ABOUT_RETURN_TYPE = YES_ERROR;
				GCC_WARN_UNDECLARED_SELECTOR = YES;
				GCC_WARN_UNINITIALIZED_AUTOS = YES_AGGRESSIVE;
				GCC_WARN_UNUSED_FUNCTION = YES;
				GCC_WARN_UNUSED_VARIABLE = YES;
				IPHONEOS_DEPLOYMENT_TARGET = 13.1;
				MTL_ENABLE_DEBUG_INFO = INCLUDE_SOURCE;
				MTL_FAST_MATH = YES;
				ONLY_ACTIVE_ARCH = YES;
				SDKROOT = iphoneos;
				SWIFT_ACTIVE_COMPILATION_CONDITIONS = DEBUG;
				SWIFT_OPTIMIZATION_LEVEL = "-Onone";
			};
			name = Debug;
		};
		14823F1D235E0F6700206995 /* Release */ = {
			isa = XCBuildConfiguration;
			buildSettings = {
				ALWAYS_SEARCH_USER_PATHS = NO;
				CLANG_ANALYZER_NONNULL = YES;
				CLANG_ANALYZER_NUMBER_OBJECT_CONVERSION = YES_AGGRESSIVE;
				CLANG_CXX_LANGUAGE_STANDARD = "gnu++14";
				CLANG_CXX_LIBRARY = "libc++";
				CLANG_ENABLE_MODULES = YES;
				CLANG_ENABLE_OBJC_ARC = YES;
				CLANG_ENABLE_OBJC_WEAK = YES;
				CLANG_WARN_BLOCK_CAPTURE_AUTORELEASING = YES;
				CLANG_WARN_BOOL_CONVERSION = YES;
				CLANG_WARN_COMMA = YES;
				CLANG_WARN_CONSTANT_CONVERSION = YES;
				CLANG_WARN_DEPRECATED_OBJC_IMPLEMENTATIONS = YES;
				CLANG_WARN_DIRECT_OBJC_ISA_USAGE = YES_ERROR;
				CLANG_WARN_DOCUMENTATION_COMMENTS = YES;
				CLANG_WARN_EMPTY_BODY = YES;
				CLANG_WARN_ENUM_CONVERSION = YES;
				CLANG_WARN_INFINITE_RECURSION = YES;
				CLANG_WARN_INT_CONVERSION = YES;
				CLANG_WARN_NON_LITERAL_NULL_CONVERSION = YES;
				CLANG_WARN_OBJC_IMPLICIT_RETAIN_SELF = YES;
				CLANG_WARN_OBJC_LITERAL_CONVERSION = YES;
				CLANG_WARN_OBJC_ROOT_CLASS = YES_ERROR;
				CLANG_WARN_RANGE_LOOP_ANALYSIS = YES;
				CLANG_WARN_STRICT_PROTOTYPES = YES;
				CLANG_WARN_SUSPICIOUS_MOVE = YES;
				CLANG_WARN_UNGUARDED_AVAILABILITY = YES_AGGRESSIVE;
				CLANG_WARN_UNREACHABLE_CODE = YES;
				CLANG_WARN__DUPLICATE_METHOD_MATCH = YES;
				COPY_PHASE_STRIP = NO;
				DEBUG_INFORMATION_FORMAT = "dwarf-with-dsym";
				ENABLE_NS_ASSERTIONS = NO;
				ENABLE_STRICT_OBJC_MSGSEND = YES;
				GCC_C_LANGUAGE_STANDARD = gnu11;
				GCC_NO_COMMON_BLOCKS = YES;
				GCC_WARN_64_TO_32_BIT_CONVERSION = YES;
				GCC_WARN_ABOUT_RETURN_TYPE = YES_ERROR;
				GCC_WARN_UNDECLARED_SELECTOR = YES;
				GCC_WARN_UNINITIALIZED_AUTOS = YES_AGGRESSIVE;
				GCC_WARN_UNUSED_FUNCTION = YES;
				GCC_WARN_UNUSED_VARIABLE = YES;
				IPHONEOS_DEPLOYMENT_TARGET = 13.1;
				MTL_ENABLE_DEBUG_INFO = NO;
				MTL_FAST_MATH = YES;
				SDKROOT = iphoneos;
				SWIFT_COMPILATION_MODE = wholemodule;
				SWIFT_OPTIMIZATION_LEVEL = "-O";
				VALIDATE_PRODUCT = YES;
			};
			name = Release;
		};
		14823F1F235E0F6700206995 /* Debug */ = {
			isa = XCBuildConfiguration;
			baseConfigurationReference = 713C3021541F210B864E3BEF /* Pods-RockClimbing.debug.xcconfig */;
			buildSettings = {
				ASSETCATALOG_COMPILER_APPICON_NAME = AppIcon;
				CODE_SIGN_STYLE = Automatic;
				INFOPLIST_FILE = RockClimbing/Info.plist;
				LD_RUNPATH_SEARCH_PATHS = (
					"$(inherited)",
					"@executable_path/Frameworks",
				);
				PRODUCT_BUNDLE_IDENTIFIER = com.electronicarmory.RockClimbing;
				PRODUCT_NAME = "$(TARGET_NAME)";
				SWIFT_VERSION = 5.0;
				TARGETED_DEVICE_FAMILY = "1,2";
			};
			name = Debug;
		};
		14823F20235E0F6700206995 /* Release */ = {
			isa = XCBuildConfiguration;
			baseConfigurationReference = 59587A75F20E18DCE2F4EE6F /* Pods-RockClimbing.release.xcconfig */;
			buildSettings = {
				ASSETCATALOG_COMPILER_APPICON_NAME = AppIcon;
				CODE_SIGN_STYLE = Automatic;
				INFOPLIST_FILE = RockClimbing/Info.plist;
				LD_RUNPATH_SEARCH_PATHS = (
					"$(inherited)",
					"@executable_path/Frameworks",
				);
				PRODUCT_BUNDLE_IDENTIFIER = com.electronicarmory.RockClimbing;
				PRODUCT_NAME = "$(TARGET_NAME)";
				SWIFT_VERSION = 5.0;
				TARGETED_DEVICE_FAMILY = "1,2";
			};
			name = Release;
		};
/* End XCBuildConfiguration section */

/* Begin XCConfigurationList section */
		14823F02235E0F6500206995 /* Build configuration list for PBXProject "RockClimbing" */ = {
			isa = XCConfigurationList;
			buildConfigurations = (
				14823F1C235E0F6700206995 /* Debug */,
				14823F1D235E0F6700206995 /* Release */,
			);
			defaultConfigurationIsVisible = 0;
			defaultConfigurationName = Release;
		};
		14823F1E235E0F6700206995 /* Build configuration list for PBXNativeTarget "RockClimbing" */ = {
			isa = XCConfigurationList;
			buildConfigurations = (
				14823F1F235E0F6700206995 /* Debug */,
				14823F20235E0F6700206995 /* Release */,
			);
			defaultConfigurationIsVisible = 0;
			defaultConfigurationName = Release;
		};
/* End XCConfigurationList section */

/* Begin XCVersionGroup section */
		14823F13235E0F6500206995 /* RockClimbing.xcdatamodeld */ = {
			isa = XCVersionGroup;
			children = (
				14823F14235E0F6500206995 /* RockClimbing.xcdatamodel */,
			);
			currentVersion = 14823F14235E0F6500206995 /* RockClimbing.xcdatamodel */;
			path = RockClimbing.xcdatamodeld;
			sourceTree = "<group>";
			versionGroupType = wrapper.xcdatamodel;
		};
/* End XCVersionGroup section */
	};
	rootObject = 14823EFF235E0F6500206995 /* Project object */;
}
